
Microsoft Visual Studio Solution File, Format Version 12.00
# Visual Studio 2013
VisualStudioVersion = 12.0.31101.0
MinimumVisualStudioVersion = 10.0.40219.1
Project("{FAE04EC0-301F-11D3-BF4B-00C04F79EFBC}") = "StitchingExample", "ImageStitchingExample\StitchingExample.csproj", "{44A79740-4E18-4B4E-B658-56255501468D}"
EndProject
Project("{FAE04EC0-301F-11D3-BF4B-00C04F79EFBC}") = "TransformatorExample", "TransformatorExample\TransformatorExample.csproj", "{0254BDAE-1EED-4EE5-9895-AF56CE4FC60C}"
EndProject
Project("{FAE04EC0-301F-11D3-BF4B-00C04F79EFBC}") = "Stitcher", "Stitcher\Stitcher.csproj", "{C6BB02AC-6234-4CB2-AC26-9349C568F2FE}"
EndProject
Project("{FAE04EC0-301F-11D3-BF4B-00C04F79EFBC}") = "Matcher", "Matcher\Matcher.csproj", "{49AC4807-089E-4A4F-805B-EF0421C6E25E}"
EndProject
Project("{FAE04EC0-301F-11D3-BF4B-00C04F79EFBC}") = "Morpher", "Morpher\Morpher.csproj", "{0A91BE6F-D8E1-490C-8839-0222665F221C}"
EndProject
Project("{FAE04EC0-301F-11D3-BF4B-00C04F79EFBC}") = "FormTools", "FormTools\FormTools.csproj", "{BC5DD25B-0799-4B12-8F12-E40B99C9B138}"
EndProject
Global
	GlobalSection(SolutionConfigurationPlatforms) = preSolution
		Debug|Any CPU = Debug|Any CPU
		Release|Any CPU = Release|Any CPU
	EndGlobalSection
	GlobalSection(ProjectConfigurationPlatforms) = postSolution
		{44A79740-4E18-4B4E-B658-56255501468D}.Debug|Any CPU.ActiveCfg = Debug|Any CPU
		{44A79740-4E18-4B4E-B658-56255501468D}.Debug|Any CPU.Build.0 = Debug|Any CPU
		{44A79740-4E18-4B4E-B658-56255501468D}.Release|Any CPU.ActiveCfg = Release|Any CPU
		{44A79740-4E18-4B4E-B658-56255501468D}.Release|Any CPU.Build.0 = Release|Any CPU
		{0254BDAE-1EED-4EE5-9895-AF56CE4FC60C}.Debug|Any CPU.ActiveCfg = Debug|Any CPU
		{0254BDAE-1EED-4EE5-9895-AF56CE4FC60C}.Debug|Any CPU.Build.0 = Debug|Any CPU
		{0254BDAE-1EED-4EE5-9895-AF56CE4FC60C}.Release|Any CPU.ActiveCfg = Release|Any CPU
		{0254BDAE-1EED-4EE5-9895-AF56CE4FC60C}.Release|Any CPU.Build.0 = Release|Any CPU
		{C6BB02AC-6234-4CB2-AC26-9349C568F2FE}.Debug|Any CPU.ActiveCfg = Debug|Any CPU
		{C6BB02AC-6234-4CB2-AC26-9349C568F2FE}.Debug|Any CPU.Build.0 = Debug|Any CPU
		{C6BB02AC-6234-4CB2-AC26-9349C568F2FE}.Release|Any CPU.ActiveCfg = Release|Any CPU
		{C6BB02AC-6234-4CB2-AC26-9349C568F2FE}.Release|Any CPU.Build.0 = Release|Any CPU
		{49AC4807-089E-4A4F-805B-EF0421C6E25E}.Debug|Any CPU.ActiveCfg = Debug|Any CPU
		{49AC4807-089E-4A4F-805B-EF0421C6E25E}.Debug|Any CPU.Build.0 = Debug|Any CPU
		{49AC4807-089E-4A4F-805B-EF0421C6E25E}.Release|Any CPU.ActiveCfg = Release|Any CPU
		{49AC4807-089E-4A4F-805B-EF0421C6E25E}.Release|Any CPU.Build.0 = Release|Any CPU
		{0A91BE6F-D8E1-490C-8839-0222665F221C}.Debug|Any CPU.ActiveCfg = Debug|Any CPU
		{0A91BE6F-D8E1-490C-8839-0222665F221C}.Debug|Any CPU.Build.0 = Debug|Any CPU
		{0A91BE6F-D8E1-490C-8839-0222665F221C}.Release|Any CPU.ActiveCfg = Release|Any CPU
		{0A91BE6F-D8E1-490C-8839-0222665F221C}.Release|Any CPU.Build.0 = Release|Any CPU
		{BC5DD25B-0799-4B12-8F12-E40B99C9B138}.Debug|Any CPU.ActiveCfg = Debug|Any CPU
		{BC5DD25B-0799-4B12-8F12-E40B99C9B138}.Debug|Any CPU.Build.0 = Debug|Any CPU
		{BC5DD25B-0799-4B12-8F12-E40B99C9B138}.Release|Any CPU.ActiveCfg = Release|Any CPU
		{BC5DD25B-0799-4B12-8F12-E40B99C9B138}.Release|Any CPU.Build.0 = Release|Any CPU
	EndGlobalSection
	GlobalSection(SolutionProperties) = preSolution
		HideSolutionNode = FALSE
	EndGlobalSection
EndGlobal
