
Microsoft Visual Studio Solution File, Format Version 12.00
# Visual Studio 2013
VisualStudioVersion = 12.0.31101.0
MinimumVisualStudioVersion = 10.0.40219.1
Project("{FAE04EC0-301F-11D3-BF4B-00C04F79EFBC}") = "StitchingApp", "StitchingApp\StitchingApp.csproj", "{0254BDAE-1EED-4EE5-9895-AF56CE4FC60C}"
EndProject
Project("{2150E333-8FDC-42A3-9474-1A3956D46DE8}") = "Tests", "Tests", "{E29CC72E-A00C-4D3D-B37C-82AAACEBB11E}"
EndProject
Project("{FAE04EC0-301F-11D3-BF4B-00C04F79EFBC}") = "PanoramasTests", "Tests\PanoramasTests\PanoramasTests.csproj", "{F97629EF-96BC-4DC9-8BFD-C79BA609AEA4}"
EndProject
Project("{FAE04EC0-301F-11D3-BF4B-00C04F79EFBC}") = "RenderingTests", "Tests\RenderingTests\RenderingTests.csproj", "{C23ED472-D13E-4DAC-9427-804A0D6CA873}"
EndProject
Project("{2150E333-8FDC-42A3-9474-1A3956D46DE8}") = "Lib", "Lib", "{B1733881-B47C-4EBB-A5EA-4388FA872BA9}"
EndProject
Project("{FAE04EC0-301F-11D3-BF4B-00C04F79EFBC}") = "ImagesMatching", "Lib\ImagesMatching\ImagesMatching.csproj", "{E3E5232E-2FFD-4B37-B0C0-F38FD84C7ABE}"
EndProject
Project("{FAE04EC0-301F-11D3-BF4B-00C04F79EFBC}") = "Logger", "Lib\Logger\Logger.csproj", "{BD18CFB0-6F67-4059-9282-D76D68C1B867}"
EndProject
Project("{FAE04EC0-301F-11D3-BF4B-00C04F79EFBC}") = "Panoramas", "Lib\Panoramas\Panoramas.csproj", "{401D7EBD-5E6E-4CE4-8C43-67A12C620216}"
EndProject
Project("{FAE04EC0-301F-11D3-BF4B-00C04F79EFBC}") = "Rendering", "Lib\Rendering\Rendering.csproj", "{AC82D878-EB28-417F-B717-75451A80E961}"
EndProject
Project("{FAE04EC0-301F-11D3-BF4B-00C04F79EFBC}") = "EmguPlainStitcherApp", "EmguPlainStitcherApp\EmguPlainStitcherApp.csproj", "{44A79740-4E18-4B4E-B658-56255501468D}"
EndProject
Project("{FAE04EC0-301F-11D3-BF4B-00C04F79EFBC}") = "ImageFilesManager", "Lib\ImageFilesManager\ImageFilesManager.csproj", "{5092DA5C-F6DD-428A-B766-288E6DD98F65}"
EndProject
Project("{FAE04EC0-301F-11D3-BF4B-00C04F79EFBC}") = "ImageFilesManagerTests", "Tests\ImageFilesManagerTests\ImageFilesManagerTests.csproj", "{503F0FC4-C9BA-482C-A4D2-0F760CD6C970}"
EndProject
Project("{FAE04EC0-301F-11D3-BF4B-00C04F79EFBC}") = "ImageEditor", "Lib\ImageEditor\ImageEditor.csproj", "{681C7456-763C-4AB6-B75F-131BB27F3A14}"
EndProject
Global
	GlobalSection(SolutionConfigurationPlatforms) = preSolution
		Debug|Any CPU = Debug|Any CPU
		Release|Any CPU = Release|Any CPU
	EndGlobalSection
	GlobalSection(ProjectConfigurationPlatforms) = postSolution
		{0254BDAE-1EED-4EE5-9895-AF56CE4FC60C}.Debug|Any CPU.ActiveCfg = Debug|Any CPU
		{0254BDAE-1EED-4EE5-9895-AF56CE4FC60C}.Debug|Any CPU.Build.0 = Debug|Any CPU
		{0254BDAE-1EED-4EE5-9895-AF56CE4FC60C}.Release|Any CPU.ActiveCfg = Release|Any CPU
		{0254BDAE-1EED-4EE5-9895-AF56CE4FC60C}.Release|Any CPU.Build.0 = Release|Any CPU
		{F97629EF-96BC-4DC9-8BFD-C79BA609AEA4}.Debug|Any CPU.ActiveCfg = Debug|Any CPU
		{F97629EF-96BC-4DC9-8BFD-C79BA609AEA4}.Debug|Any CPU.Build.0 = Debug|Any CPU
		{F97629EF-96BC-4DC9-8BFD-C79BA609AEA4}.Release|Any CPU.ActiveCfg = Release|Any CPU
		{F97629EF-96BC-4DC9-8BFD-C79BA609AEA4}.Release|Any CPU.Build.0 = Release|Any CPU
		{C23ED472-D13E-4DAC-9427-804A0D6CA873}.Debug|Any CPU.ActiveCfg = Debug|Any CPU
		{C23ED472-D13E-4DAC-9427-804A0D6CA873}.Debug|Any CPU.Build.0 = Debug|Any CPU
		{C23ED472-D13E-4DAC-9427-804A0D6CA873}.Release|Any CPU.ActiveCfg = Release|Any CPU
		{C23ED472-D13E-4DAC-9427-804A0D6CA873}.Release|Any CPU.Build.0 = Release|Any CPU
		{E3E5232E-2FFD-4B37-B0C0-F38FD84C7ABE}.Debug|Any CPU.ActiveCfg = Debug|Any CPU
		{E3E5232E-2FFD-4B37-B0C0-F38FD84C7ABE}.Debug|Any CPU.Build.0 = Debug|Any CPU
		{E3E5232E-2FFD-4B37-B0C0-F38FD84C7ABE}.Release|Any CPU.ActiveCfg = Release|Any CPU
		{E3E5232E-2FFD-4B37-B0C0-F38FD84C7ABE}.Release|Any CPU.Build.0 = Release|Any CPU
		{BD18CFB0-6F67-4059-9282-D76D68C1B867}.Debug|Any CPU.ActiveCfg = Debug|Any CPU
		{BD18CFB0-6F67-4059-9282-D76D68C1B867}.Debug|Any CPU.Build.0 = Debug|Any CPU
		{BD18CFB0-6F67-4059-9282-D76D68C1B867}.Release|Any CPU.ActiveCfg = Release|Any CPU
		{BD18CFB0-6F67-4059-9282-D76D68C1B867}.Release|Any CPU.Build.0 = Release|Any CPU
		{401D7EBD-5E6E-4CE4-8C43-67A12C620216}.Debug|Any CPU.ActiveCfg = Debug|Any CPU
		{401D7EBD-5E6E-4CE4-8C43-67A12C620216}.Debug|Any CPU.Build.0 = Debug|Any CPU
		{401D7EBD-5E6E-4CE4-8C43-67A12C620216}.Release|Any CPU.ActiveCfg = Release|Any CPU
		{401D7EBD-5E6E-4CE4-8C43-67A12C620216}.Release|Any CPU.Build.0 = Release|Any CPU
		{AC82D878-EB28-417F-B717-75451A80E961}.Debug|Any CPU.ActiveCfg = Debug|Any CPU
		{AC82D878-EB28-417F-B717-75451A80E961}.Debug|Any CPU.Build.0 = Debug|Any CPU
		{AC82D878-EB28-417F-B717-75451A80E961}.Release|Any CPU.ActiveCfg = Release|Any CPU
		{AC82D878-EB28-417F-B717-75451A80E961}.Release|Any CPU.Build.0 = Release|Any CPU
		{44A79740-4E18-4B4E-B658-56255501468D}.Debug|Any CPU.ActiveCfg = Debug|Any CPU
		{44A79740-4E18-4B4E-B658-56255501468D}.Debug|Any CPU.Build.0 = Debug|Any CPU
		{44A79740-4E18-4B4E-B658-56255501468D}.Release|Any CPU.ActiveCfg = Release|Any CPU
		{44A79740-4E18-4B4E-B658-56255501468D}.Release|Any CPU.Build.0 = Release|Any CPU
		{5092DA5C-F6DD-428A-B766-288E6DD98F65}.Debug|Any CPU.ActiveCfg = Debug|Any CPU
		{5092DA5C-F6DD-428A-B766-288E6DD98F65}.Debug|Any CPU.Build.0 = Debug|Any CPU
		{5092DA5C-F6DD-428A-B766-288E6DD98F65}.Release|Any CPU.ActiveCfg = Release|Any CPU
		{5092DA5C-F6DD-428A-B766-288E6DD98F65}.Release|Any CPU.Build.0 = Release|Any CPU
		{503F0FC4-C9BA-482C-A4D2-0F760CD6C970}.Debug|Any CPU.ActiveCfg = Debug|Any CPU
		{503F0FC4-C9BA-482C-A4D2-0F760CD6C970}.Debug|Any CPU.Build.0 = Debug|Any CPU
		{503F0FC4-C9BA-482C-A4D2-0F760CD6C970}.Release|Any CPU.ActiveCfg = Release|Any CPU
		{503F0FC4-C9BA-482C-A4D2-0F760CD6C970}.Release|Any CPU.Build.0 = Release|Any CPU
		{681C7456-763C-4AB6-B75F-131BB27F3A14}.Debug|Any CPU.ActiveCfg = Debug|Any CPU
		{681C7456-763C-4AB6-B75F-131BB27F3A14}.Debug|Any CPU.Build.0 = Debug|Any CPU
		{681C7456-763C-4AB6-B75F-131BB27F3A14}.Release|Any CPU.ActiveCfg = Release|Any CPU
		{681C7456-763C-4AB6-B75F-131BB27F3A14}.Release|Any CPU.Build.0 = Release|Any CPU
	EndGlobalSection
	GlobalSection(SolutionProperties) = preSolution
		HideSolutionNode = FALSE
	EndGlobalSection
	GlobalSection(NestedProjects) = preSolution
		{F97629EF-96BC-4DC9-8BFD-C79BA609AEA4} = {E29CC72E-A00C-4D3D-B37C-82AAACEBB11E}
		{C23ED472-D13E-4DAC-9427-804A0D6CA873} = {E29CC72E-A00C-4D3D-B37C-82AAACEBB11E}
		{E3E5232E-2FFD-4B37-B0C0-F38FD84C7ABE} = {B1733881-B47C-4EBB-A5EA-4388FA872BA9}
		{BD18CFB0-6F67-4059-9282-D76D68C1B867} = {B1733881-B47C-4EBB-A5EA-4388FA872BA9}
		{401D7EBD-5E6E-4CE4-8C43-67A12C620216} = {B1733881-B47C-4EBB-A5EA-4388FA872BA9}
		{AC82D878-EB28-417F-B717-75451A80E961} = {B1733881-B47C-4EBB-A5EA-4388FA872BA9}
		{5092DA5C-F6DD-428A-B766-288E6DD98F65} = {B1733881-B47C-4EBB-A5EA-4388FA872BA9}
		{503F0FC4-C9BA-482C-A4D2-0F760CD6C970} = {E29CC72E-A00C-4D3D-B37C-82AAACEBB11E}
		{681C7456-763C-4AB6-B75F-131BB27F3A14} = {B1733881-B47C-4EBB-A5EA-4388FA872BA9}
	EndGlobalSection
EndGlobal
