
Microsoft Visual Studio Solution File, Format Version 12.00
# Visual Studio 2013
VisualStudioVersion = 12.0.31101.0
MinimumVisualStudioVersion = 10.0.40219.1
Project("{FAE04EC0-301F-11D3-BF4B-00C04F79EFBC}") = "StitchingApp", "StitchingApp\StitchingApp.csproj", "{0254BDAE-1EED-4EE5-9895-AF56CE4FC60C}"
EndProject
Project("{2150E333-8FDC-42A3-9474-1A3956D46DE8}") = "Tests", "Tests", "{E29CC72E-A00C-4D3D-B37C-82AAACEBB11E}"
EndProject
Project("{FAE04EC0-301F-11D3-BF4B-00C04F79EFBC}") = "PanoramasTests", "Tests\PanoramasTests\PanoramasTests.csproj", "{F97629EF-96BC-4DC9-8BFD-C79BA609AEA4}"
EndProject
Project("{2150E333-8FDC-42A3-9474-1A3956D46DE8}") = "Lib", "Lib", "{B1733881-B47C-4EBB-A5EA-4388FA872BA9}"
EndProject
Project("{FAE04EC0-301F-11D3-BF4B-00C04F79EFBC}") = "Logger", "Lib\Logger\Logger.csproj", "{BD18CFB0-6F67-4059-9282-D76D68C1B867}"
EndProject
Project("{FAE04EC0-301F-11D3-BF4B-00C04F79EFBC}") = "Panoramas", "Lib\Panoramas\Panoramas.csproj", "{401D7EBD-5E6E-4CE4-8C43-67A12C620216}"
EndProject
Project("{FAE04EC0-301F-11D3-BF4B-00C04F79EFBC}") = "ImageFilesManager", "Lib\ImageFilesManager\ImageFilesManager.csproj", "{5092DA5C-F6DD-428A-B766-288E6DD98F65}"
EndProject
Project("{FAE04EC0-301F-11D3-BF4B-00C04F79EFBC}") = "ImageEditor", "Lib\ImageEditor\ImageEditor.csproj", "{681C7456-763C-4AB6-B75F-131BB27F3A14}"
EndProject
Project("{FAE04EC0-301F-11D3-BF4B-00C04F79EFBC}") = "PanoramasFeaturesAnalyzer", "Lib\PanoramasFeaturesAnalyzer\PanoramasFeaturesAnalyzer.csproj", "{416448FE-D7B9-4DAB-B13F-E69D618B6C4B}"
EndProject
Project("{FAE04EC0-301F-11D3-BF4B-00C04F79EFBC}") = "PanoramasTreeBuilder", "Lib\PanoramasTreeBuilder\PanoramasTreeBuilder.csproj", "{5F03B3E6-AE84-4E22-B875-3C64C1FE7BE8}"
EndProject
Project("{FAE04EC0-301F-11D3-BF4B-00C04F79EFBC}") = "PanoramasIntegralPresenter", "Lib\PanoramasIntegralPresenter\PanoramasIntegralPresenter.csproj", "{EB4C2F4F-C735-4BC2-AE22-9928AB4704A8}"
EndProject
Project("{FAE04EC0-301F-11D3-BF4B-00C04F79EFBC}") = "PanoramasFeaturedTree", "PanoramasFeaturedTree\PanoramasFeaturedTree.csproj", "{94F0179A-4C3C-4D1B-B7E1-51182A5162AD}"
EndProject
Project("{FAE04EC0-301F-11D3-BF4B-00C04F79EFBC}") = "EmguWrapper", "Lib\EmguWrapper\EmguWrapper.csproj", "{1569E9BE-A1AA-499D-A4B6-B485FEEF4488}"
EndProject
Project("{FAE04EC0-301F-11D3-BF4B-00C04F79EFBC}") = "ThreadsPool", "Lib\ThreadsPool\ThreadsPool.csproj", "{B584292C-F1B6-4CA3-AFDC-47B1117A981A}"
EndProject
Project("{FAE04EC0-301F-11D3-BF4B-00C04F79EFBC}") = "PanoramasBoundsPresenter", "Lib\PanoramasBoundsPresenter\PanoramasBoundsPresenter.csproj", "{C0F8D491-4314-4621-836C-FBE27234F44B}"
EndProject
Project("{FAE04EC0-301F-11D3-BF4B-00C04F79EFBC}") = "ImageEditorTestApp", "ImageEditorTestApp\ImageEditorTestApp.csproj", "{BED69E68-BB37-410E-8EB3-C9EADB444A3D}"
EndProject
Global
	GlobalSection(SolutionConfigurationPlatforms) = preSolution
		Debug|Any CPU = Debug|Any CPU
		Release|Any CPU = Release|Any CPU
	EndGlobalSection
	GlobalSection(ProjectConfigurationPlatforms) = postSolution
		{0254BDAE-1EED-4EE5-9895-AF56CE4FC60C}.Debug|Any CPU.ActiveCfg = Debug|Any CPU
		{0254BDAE-1EED-4EE5-9895-AF56CE4FC60C}.Debug|Any CPU.Build.0 = Debug|Any CPU
		{0254BDAE-1EED-4EE5-9895-AF56CE4FC60C}.Release|Any CPU.ActiveCfg = Release|Any CPU
		{0254BDAE-1EED-4EE5-9895-AF56CE4FC60C}.Release|Any CPU.Build.0 = Release|Any CPU
		{F97629EF-96BC-4DC9-8BFD-C79BA609AEA4}.Debug|Any CPU.ActiveCfg = Debug|Any CPU
		{F97629EF-96BC-4DC9-8BFD-C79BA609AEA4}.Debug|Any CPU.Build.0 = Debug|Any CPU
		{F97629EF-96BC-4DC9-8BFD-C79BA609AEA4}.Release|Any CPU.ActiveCfg = Release|Any CPU
		{F97629EF-96BC-4DC9-8BFD-C79BA609AEA4}.Release|Any CPU.Build.0 = Release|Any CPU
		{BD18CFB0-6F67-4059-9282-D76D68C1B867}.Debug|Any CPU.ActiveCfg = Debug|Any CPU
		{BD18CFB0-6F67-4059-9282-D76D68C1B867}.Debug|Any CPU.Build.0 = Debug|Any CPU
		{BD18CFB0-6F67-4059-9282-D76D68C1B867}.Release|Any CPU.ActiveCfg = Release|Any CPU
		{BD18CFB0-6F67-4059-9282-D76D68C1B867}.Release|Any CPU.Build.0 = Release|Any CPU
		{401D7EBD-5E6E-4CE4-8C43-67A12C620216}.Debug|Any CPU.ActiveCfg = Debug|Any CPU
		{401D7EBD-5E6E-4CE4-8C43-67A12C620216}.Debug|Any CPU.Build.0 = Debug|Any CPU
		{401D7EBD-5E6E-4CE4-8C43-67A12C620216}.Release|Any CPU.ActiveCfg = Release|Any CPU
		{401D7EBD-5E6E-4CE4-8C43-67A12C620216}.Release|Any CPU.Build.0 = Release|Any CPU
		{5092DA5C-F6DD-428A-B766-288E6DD98F65}.Debug|Any CPU.ActiveCfg = Debug|Any CPU
		{5092DA5C-F6DD-428A-B766-288E6DD98F65}.Debug|Any CPU.Build.0 = Debug|Any CPU
		{5092DA5C-F6DD-428A-B766-288E6DD98F65}.Release|Any CPU.ActiveCfg = Release|Any CPU
		{5092DA5C-F6DD-428A-B766-288E6DD98F65}.Release|Any CPU.Build.0 = Release|Any CPU
		{681C7456-763C-4AB6-B75F-131BB27F3A14}.Debug|Any CPU.ActiveCfg = Debug|Any CPU
		{681C7456-763C-4AB6-B75F-131BB27F3A14}.Debug|Any CPU.Build.0 = Debug|Any CPU
		{681C7456-763C-4AB6-B75F-131BB27F3A14}.Release|Any CPU.ActiveCfg = Release|Any CPU
		{681C7456-763C-4AB6-B75F-131BB27F3A14}.Release|Any CPU.Build.0 = Release|Any CPU
		{416448FE-D7B9-4DAB-B13F-E69D618B6C4B}.Debug|Any CPU.ActiveCfg = Debug|Any CPU
		{416448FE-D7B9-4DAB-B13F-E69D618B6C4B}.Debug|Any CPU.Build.0 = Debug|Any CPU
		{416448FE-D7B9-4DAB-B13F-E69D618B6C4B}.Release|Any CPU.ActiveCfg = Release|Any CPU
		{416448FE-D7B9-4DAB-B13F-E69D618B6C4B}.Release|Any CPU.Build.0 = Release|Any CPU
		{5F03B3E6-AE84-4E22-B875-3C64C1FE7BE8}.Debug|Any CPU.ActiveCfg = Debug|Any CPU
		{5F03B3E6-AE84-4E22-B875-3C64C1FE7BE8}.Debug|Any CPU.Build.0 = Debug|Any CPU
		{5F03B3E6-AE84-4E22-B875-3C64C1FE7BE8}.Release|Any CPU.ActiveCfg = Release|Any CPU
		{5F03B3E6-AE84-4E22-B875-3C64C1FE7BE8}.Release|Any CPU.Build.0 = Release|Any CPU
		{EB4C2F4F-C735-4BC2-AE22-9928AB4704A8}.Debug|Any CPU.ActiveCfg = Debug|Any CPU
		{EB4C2F4F-C735-4BC2-AE22-9928AB4704A8}.Debug|Any CPU.Build.0 = Debug|Any CPU
		{EB4C2F4F-C735-4BC2-AE22-9928AB4704A8}.Release|Any CPU.ActiveCfg = Release|Any CPU
		{EB4C2F4F-C735-4BC2-AE22-9928AB4704A8}.Release|Any CPU.Build.0 = Release|Any CPU
		{94F0179A-4C3C-4D1B-B7E1-51182A5162AD}.Debug|Any CPU.ActiveCfg = Debug|Any CPU
		{94F0179A-4C3C-4D1B-B7E1-51182A5162AD}.Debug|Any CPU.Build.0 = Debug|Any CPU
		{94F0179A-4C3C-4D1B-B7E1-51182A5162AD}.Release|Any CPU.ActiveCfg = Release|Any CPU
		{94F0179A-4C3C-4D1B-B7E1-51182A5162AD}.Release|Any CPU.Build.0 = Release|Any CPU
		{1569E9BE-A1AA-499D-A4B6-B485FEEF4488}.Debug|Any CPU.ActiveCfg = Debug|Any CPU
		{1569E9BE-A1AA-499D-A4B6-B485FEEF4488}.Debug|Any CPU.Build.0 = Debug|Any CPU
		{1569E9BE-A1AA-499D-A4B6-B485FEEF4488}.Release|Any CPU.ActiveCfg = Release|Any CPU
		{1569E9BE-A1AA-499D-A4B6-B485FEEF4488}.Release|Any CPU.Build.0 = Release|Any CPU
		{B584292C-F1B6-4CA3-AFDC-47B1117A981A}.Debug|Any CPU.ActiveCfg = Debug|Any CPU
		{B584292C-F1B6-4CA3-AFDC-47B1117A981A}.Debug|Any CPU.Build.0 = Debug|Any CPU
		{B584292C-F1B6-4CA3-AFDC-47B1117A981A}.Release|Any CPU.ActiveCfg = Release|Any CPU
		{B584292C-F1B6-4CA3-AFDC-47B1117A981A}.Release|Any CPU.Build.0 = Release|Any CPU
		{C0F8D491-4314-4621-836C-FBE27234F44B}.Debug|Any CPU.ActiveCfg = Debug|Any CPU
		{C0F8D491-4314-4621-836C-FBE27234F44B}.Debug|Any CPU.Build.0 = Debug|Any CPU
		{C0F8D491-4314-4621-836C-FBE27234F44B}.Release|Any CPU.ActiveCfg = Release|Any CPU
		{C0F8D491-4314-4621-836C-FBE27234F44B}.Release|Any CPU.Build.0 = Release|Any CPU
		{BED69E68-BB37-410E-8EB3-C9EADB444A3D}.Debug|Any CPU.ActiveCfg = Debug|Any CPU
		{BED69E68-BB37-410E-8EB3-C9EADB444A3D}.Debug|Any CPU.Build.0 = Debug|Any CPU
		{BED69E68-BB37-410E-8EB3-C9EADB444A3D}.Release|Any CPU.ActiveCfg = Release|Any CPU
		{BED69E68-BB37-410E-8EB3-C9EADB444A3D}.Release|Any CPU.Build.0 = Release|Any CPU
	EndGlobalSection
	GlobalSection(SolutionProperties) = preSolution
		HideSolutionNode = FALSE
	EndGlobalSection
	GlobalSection(NestedProjects) = preSolution
		{F97629EF-96BC-4DC9-8BFD-C79BA609AEA4} = {E29CC72E-A00C-4D3D-B37C-82AAACEBB11E}
		{BD18CFB0-6F67-4059-9282-D76D68C1B867} = {B1733881-B47C-4EBB-A5EA-4388FA872BA9}
		{401D7EBD-5E6E-4CE4-8C43-67A12C620216} = {B1733881-B47C-4EBB-A5EA-4388FA872BA9}
		{5092DA5C-F6DD-428A-B766-288E6DD98F65} = {B1733881-B47C-4EBB-A5EA-4388FA872BA9}
		{681C7456-763C-4AB6-B75F-131BB27F3A14} = {B1733881-B47C-4EBB-A5EA-4388FA872BA9}
		{416448FE-D7B9-4DAB-B13F-E69D618B6C4B} = {B1733881-B47C-4EBB-A5EA-4388FA872BA9}
		{5F03B3E6-AE84-4E22-B875-3C64C1FE7BE8} = {B1733881-B47C-4EBB-A5EA-4388FA872BA9}
		{EB4C2F4F-C735-4BC2-AE22-9928AB4704A8} = {B1733881-B47C-4EBB-A5EA-4388FA872BA9}
		{1569E9BE-A1AA-499D-A4B6-B485FEEF4488} = {B1733881-B47C-4EBB-A5EA-4388FA872BA9}
		{B584292C-F1B6-4CA3-AFDC-47B1117A981A} = {B1733881-B47C-4EBB-A5EA-4388FA872BA9}
		{C0F8D491-4314-4621-836C-FBE27234F44B} = {B1733881-B47C-4EBB-A5EA-4388FA872BA9}
	EndGlobalSection
EndGlobal
